
Microsoft Visual Studio Solution File, Format Version 12.00
# Visual Studio Version 17
VisualStudioVersion = 17.14.36804.6
MinimumVisualStudioVersion = 10.0.40219.1
Project("{FAE04EC0-301F-11D3-BF4B-00C04F79EFBC}") = "DXApplication1", "DXApplication1\DXApplication1.csproj", "{6B3457BC-6566-4BF7-8BAB-35CEEF98FD5C}"
EndProject
Global
	GlobalSection(SolutionConfigurationPlatforms) = preSolution
		Debug|Any CPU = Debug|Any CPU
		Release|Any CPU = Release|Any CPU
	EndGlobalSection
	GlobalSection(ProjectConfigurationPlatforms) = postSolution
		{6B3457BC-6566-4BF7-8BAB-35CEEF98FD5C}.Debug|Any CPU.ActiveCfg = Debug|Any CPU
		{6B3457BC-6566-4BF7-8BAB-35CEEF98FD5C}.Debug|Any CPU.Build.0 = Debug|Any CPU
		{6B3457BC-6566-4BF7-8BAB-35CEEF98FD5C}.Release|Any CPU.ActiveCfg = Release|Any CPU
		{6B3457BC-6566-4BF7-8BAB-35CEEF98FD5C}.Release|Any CPU.Build.0 = Release|Any CPU
	EndGlobalSection
	GlobalSection(SolutionProperties) = preSolution
		HideSolutionNode = FALSE
	EndGlobalSection
	GlobalSection(ExtensibilityGlobals) = postSolution
		SolutionGuid = {53C36702-5FA4-4F33-8CCE-5ACC1F5D9D70}
	EndGlobalSection
EndGlobal
